
Microsoft Visual Studio Solution File, Format Version 12.00
# Visual Studio Version 16
VisualStudioVersion = 16.0.29519.87
MinimumVisualStudioVersion = 10.0.40219.1
Project("{FAE04EC0-301F-11D3-BF4B-00C04F79EFBC}") = "MV", "MultiView\MV.csproj", "{B6156B67-0768-4DC1-B16C-9A5C2A11204D}"
EndProject
Global
	GlobalSection(SolutionConfigurationPlatforms) = preSolution
		Debug|Any CPU = Debug|Any CPU
		Release|Any CPU = Release|Any CPU
	EndGlobalSection
	GlobalSection(ProjectConfigurationPlatforms) = postSolution
		{B6156B67-0768-4DC1-B16C-9A5C2A11204D}.Debug|Any CPU.ActiveCfg = Debug|Any CPU
		{B6156B67-0768-4DC1-B16C-9A5C2A11204D}.Debug|Any CPU.Build.0 = Debug|Any CPU
		{B6156B67-0768-4DC1-B16C-9A5C2A11204D}.Release|Any CPU.ActiveCfg = Release|Any CPU
		{B6156B67-0768-4DC1-B16C-9A5C2A11204D}.Release|Any CPU.Build.0 = Release|Any CPU
	EndGlobalSection
	GlobalSection(SolutionProperties) = preSolution
		HideSolutionNode = FALSE
	EndGlobalSection
	GlobalSection(ExtensibilityGlobals) = postSolution
		SolutionGuid = {1B9F01D6-AF45-40E5-9262-BF748B3CB8DA}
	EndGlobalSection
EndGlobal
